
Microsoft Visual Studio Solution File, Format Version 12.00
# Visual Studio Version 17
VisualStudioVersion = 17.3.32825.248
MinimumVisualStudioVersion = 10.0.40219.1
Project("{FAE04EC0-301F-11D3-BF4B-00C04F79EFBC}") = "Week13SQLiteDB", "Week13SQLiteDB\Week13SQLiteDB.csproj", "{A1C3381C-6F3A-4465-AD77-ADAAFCDDA487}"
EndProject
Global
	GlobalSection(SolutionConfigurationPlatforms) = preSolution
		Debug|Any CPU = Debug|Any CPU
		Release|Any CPU = Release|Any CPU
	EndGlobalSection
	GlobalSection(ProjectConfigurationPlatforms) = postSolution
		{A1C3381C-6F3A-4465-AD77-ADAAFCDDA487}.Debug|Any CPU.ActiveCfg = Debug|Any CPU
		{A1C3381C-6F3A-4465-AD77-ADAAFCDDA487}.Debug|Any CPU.Build.0 = Debug|Any CPU
		{A1C3381C-6F3A-4465-AD77-ADAAFCDDA487}.Release|Any CPU.ActiveCfg = Release|Any CPU
		{A1C3381C-6F3A-4465-AD77-ADAAFCDDA487}.Release|Any CPU.Build.0 = Release|Any CPU
	EndGlobalSection
	GlobalSection(SolutionProperties) = preSolution
		HideSolutionNode = FALSE
	EndGlobalSection
	GlobalSection(ExtensibilityGlobals) = postSolution
		SolutionGuid = {9E701D09-CAA5-40B3-A7A5-A709CBAFBD7A}
	EndGlobalSection
EndGlobal
